
Microsoft Visual Studio Solution File, Format Version 12.00
# Visual Studio Version 17
VisualStudioVersion = 17.14.36212.18
MinimumVisualStudioVersion = 10.0.40219.1
Project("{2150E333-8FDC-42A3-9474-1A3956D46DE8}") = "Services", "Services", "{02EA681E-C7D8-13C7-8484-4AC65E1B71E8}"
EndProject
Project("{2150E333-8FDC-42A3-9474-1A3956D46DE8}") = "Customer", "Customer", "{24EDF185-CA58-4CFD-B196-3CD781A65265}"
EndProject
Project("{2150E333-8FDC-42A3-9474-1A3956D46DE8}") = "Account", "Account", "{BD61DF54-E3DC-4088-A7F3-04528386B8BF}"
EndProject
Project("{2150E333-8FDC-42A3-9474-1A3956D46DE8}") = "Loan", "Loan", "{958E8079-161D-47A3-88FD-DF19A0EAFA88}"
EndProject
Project("{FAE04EC0-301F-11D3-BF4B-00C04F79EFBC}") = "Account.Data", "Services\Account\Account.Data\Account.Data.csproj", "{9344B8C3-6100-60D6-78C3-70170168FB61}"
EndProject
Project("{FAE04EC0-301F-11D3-BF4B-00C04F79EFBC}") = "Account.Domain", "Services\Account\Account.Domain\Account.Domain.csproj", "{B628A57B-0091-F647-40E0-C488D421C705}"
EndProject
Project("{FAE04EC0-301F-11D3-BF4B-00C04F79EFBC}") = "Account.DTO", "Services\Account\Account.DTO\Account.DTO.csproj", "{547964F2-0DEF-21D0-154C-DB7E00C2E046}"
EndProject
Project("{FAE04EC0-301F-11D3-BF4B-00C04F79EFBC}") = "Customers.API", "Services\Customer\Customers.API\Customers.API.csproj", "{521B36F4-B10D-AB9B-5CEC-6DA29D94588F}"
EndProject
Project("{FAE04EC0-301F-11D3-BF4B-00C04F79EFBC}") = "Customer.DTO", "Services\Customer\Customer.DTO\Customer.DTO.csproj", "{1625DC89-2CF8-4DEB-FECE-7AF4998899F3}"
EndProject
Project("{FAE04EC0-301F-11D3-BF4B-00C04F79EFBC}") = "Customers.Domain", "Services\Customer\Customers.Domain\Customers.Domain.csproj", "{E85EA2AC-1B28-CFA9-B525-E09D1799D864}"
EndProject
Project("{FAE04EC0-301F-11D3-BF4B-00C04F79EFBC}") = "Customer.Data", "Services\Customer\Customer.Data\Customer.Data.csproj", "{197902E3-79C6-D41C-1AB0-F1FE990AA807}"
EndProject
Project("{FAE04EC0-301F-11D3-BF4B-00C04F79EFBC}") = "Loan.API", "Services\Loan\Loan.API\Loan.API.csproj", "{182DC93F-2090-3351-FE18-804FFC1627BB}"
EndProject
Project("{FAE04EC0-301F-11D3-BF4B-00C04F79EFBC}") = "Loan.Data", "Services\Loan\Loan.Data\Loan.Data.csproj", "{B85B4714-A36B-1A59-7317-084919DE1E06}"
EndProject
Project("{FAE04EC0-301F-11D3-BF4B-00C04F79EFBC}") = "Loan.Domain", "Services\Loan\Loan.Domain\Loan.Domain.csproj", "{F59A0355-811D-F7E2-3A34-AD3215BBC1C4}"
EndProject
Project("{FAE04EC0-301F-11D3-BF4B-00C04F79EFBC}") = "Loan.DTO", "Services\Loan\Loan.DTO\Loan.DTO.csproj", "{6A00209E-7B42-8C7E-D7E0-37335AEBC552}"
EndProject
Project("{FAE04EC0-301F-11D3-BF4B-00C04F79EFBC}") = "Account.API", "Services\Account\Account.API\Account.API.csproj", "{78CDBBE8-D668-3640-5389-A0FE00F94F27}"
EndProject
Project("{2150E333-8FDC-42A3-9474-1A3956D46DE8}") = "BuildingBlocks", "BuildingBlocks", "{4B1AC562-0FAD-49C6-BFC9-F183836DDDA2}"
EndProject
Project("{FAE04EC0-301F-11D3-BF4B-00C04F79EFBC}") = "Account.IntegrationTest", "Services\Account\Account.IntegrationTest\Account.IntegrationTest.csproj", "{C7523123-784C-FC1C-AB9C-CD3819EC4F65}"
EndProject
Project("{FAE04EC0-301F-11D3-BF4B-00C04F79EFBC}") = "Account.UnitTesting", "Services\Account\Account.UnitTesting\Account.UnitTesting.csproj", "{DEA5B8B9-A3A5-403C-82CF-E63A0BB34D52}"
EndProject
Project("{FAE04EC0-301F-11D3-BF4B-00C04F79EFBC}") = "ProjectCommonCode", "BuildingBlocks\ProjectCommonCode\ProjectCommonCode.csproj", "{968CF0DC-5D1B-6978-FE44-AF8545F1A14C}"
EndProject
Global
	GlobalSection(SolutionConfigurationPlatforms) = preSolution
		Debug|Any CPU = Debug|Any CPU
		Release|Any CPU = Release|Any CPU
	EndGlobalSection
	GlobalSection(ProjectConfigurationPlatforms) = postSolution
		{9344B8C3-6100-60D6-78C3-70170168FB61}.Debug|Any CPU.ActiveCfg = Debug|Any CPU
		{9344B8C3-6100-60D6-78C3-70170168FB61}.Debug|Any CPU.Build.0 = Debug|Any CPU
		{9344B8C3-6100-60D6-78C3-70170168FB61}.Release|Any CPU.ActiveCfg = Release|Any CPU
		{9344B8C3-6100-60D6-78C3-70170168FB61}.Release|Any CPU.Build.0 = Release|Any CPU
		{B628A57B-0091-F647-40E0-C488D421C705}.Debug|Any CPU.ActiveCfg = Debug|Any CPU
		{B628A57B-0091-F647-40E0-C488D421C705}.Debug|Any CPU.Build.0 = Debug|Any CPU
		{B628A57B-0091-F647-40E0-C488D421C705}.Release|Any CPU.ActiveCfg = Release|Any CPU
		{B628A57B-0091-F647-40E0-C488D421C705}.Release|Any CPU.Build.0 = Release|Any CPU
		{547964F2-0DEF-21D0-154C-DB7E00C2E046}.Debug|Any CPU.ActiveCfg = Debug|Any CPU
		{547964F2-0DEF-21D0-154C-DB7E00C2E046}.Debug|Any CPU.Build.0 = Debug|Any CPU
		{547964F2-0DEF-21D0-154C-DB7E00C2E046}.Release|Any CPU.ActiveCfg = Release|Any CPU
		{547964F2-0DEF-21D0-154C-DB7E00C2E046}.Release|Any CPU.Build.0 = Release|Any CPU
		{521B36F4-B10D-AB9B-5CEC-6DA29D94588F}.Debug|Any CPU.ActiveCfg = Debug|Any CPU
		{521B36F4-B10D-AB9B-5CEC-6DA29D94588F}.Debug|Any CPU.Build.0 = Debug|Any CPU
		{521B36F4-B10D-AB9B-5CEC-6DA29D94588F}.Release|Any CPU.ActiveCfg = Release|Any CPU
		{521B36F4-B10D-AB9B-5CEC-6DA29D94588F}.Release|Any CPU.Build.0 = Release|Any CPU
		{1625DC89-2CF8-4DEB-FECE-7AF4998899F3}.Debug|Any CPU.ActiveCfg = Debug|Any CPU
		{1625DC89-2CF8-4DEB-FECE-7AF4998899F3}.Debug|Any CPU.Build.0 = Debug|Any CPU
		{1625DC89-2CF8-4DEB-FECE-7AF4998899F3}.Release|Any CPU.ActiveCfg = Release|Any CPU
		{1625DC89-2CF8-4DEB-FECE-7AF4998899F3}.Release|Any CPU.Build.0 = Release|Any CPU
		{E85EA2AC-1B28-CFA9-B525-E09D1799D864}.Debug|Any CPU.ActiveCfg = Debug|Any CPU
		{E85EA2AC-1B28-CFA9-B525-E09D1799D864}.Debug|Any CPU.Build.0 = Debug|Any CPU
		{E85EA2AC-1B28-CFA9-B525-E09D1799D864}.Release|Any CPU.ActiveCfg = Release|Any CPU
		{E85EA2AC-1B28-CFA9-B525-E09D1799D864}.Release|Any CPU.Build.0 = Release|Any CPU
		{197902E3-79C6-D41C-1AB0-F1FE990AA807}.Debug|Any CPU.ActiveCfg = Debug|Any CPU
		{197902E3-79C6-D41C-1AB0-F1FE990AA807}.Debug|Any CPU.Build.0 = Debug|Any CPU
		{197902E3-79C6-D41C-1AB0-F1FE990AA807}.Release|Any CPU.ActiveCfg = Release|Any CPU
		{197902E3-79C6-D41C-1AB0-F1FE990AA807}.Release|Any CPU.Build.0 = Release|Any CPU
		{182DC93F-2090-3351-FE18-804FFC1627BB}.Debug|Any CPU.ActiveCfg = Debug|Any CPU
		{182DC93F-2090-3351-FE18-804FFC1627BB}.Debug|Any CPU.Build.0 = Debug|Any CPU
		{182DC93F-2090-3351-FE18-804FFC1627BB}.Release|Any CPU.ActiveCfg = Release|Any CPU
		{182DC93F-2090-3351-FE18-804FFC1627BB}.Release|Any CPU.Build.0 = Release|Any CPU
		{B85B4714-A36B-1A59-7317-084919DE1E06}.Debug|Any CPU.ActiveCfg = Debug|Any CPU
		{B85B4714-A36B-1A59-7317-084919DE1E06}.Debug|Any CPU.Build.0 = Debug|Any CPU
		{B85B4714-A36B-1A59-7317-084919DE1E06}.Release|Any CPU.ActiveCfg = Release|Any CPU
		{B85B4714-A36B-1A59-7317-084919DE1E06}.Release|Any CPU.Build.0 = Release|Any CPU
		{F59A0355-811D-F7E2-3A34-AD3215BBC1C4}.Debug|Any CPU.ActiveCfg = Debug|Any CPU
		{F59A0355-811D-F7E2-3A34-AD3215BBC1C4}.Debug|Any CPU.Build.0 = Debug|Any CPU
		{F59A0355-811D-F7E2-3A34-AD3215BBC1C4}.Release|Any CPU.ActiveCfg = Release|Any CPU
		{F59A0355-811D-F7E2-3A34-AD3215BBC1C4}.Release|Any CPU.Build.0 = Release|Any CPU
		{6A00209E-7B42-8C7E-D7E0-37335AEBC552}.Debug|Any CPU.ActiveCfg = Debug|Any CPU
		{6A00209E-7B42-8C7E-D7E0-37335AEBC552}.Debug|Any CPU.Build.0 = Debug|Any CPU
		{6A00209E-7B42-8C7E-D7E0-37335AEBC552}.Release|Any CPU.ActiveCfg = Release|Any CPU
		{6A00209E-7B42-8C7E-D7E0-37335AEBC552}.Release|Any CPU.Build.0 = Release|Any CPU
		{78CDBBE8-D668-3640-5389-A0FE00F94F27}.Debug|Any CPU.ActiveCfg = Debug|Any CPU
		{78CDBBE8-D668-3640-5389-A0FE00F94F27}.Debug|Any CPU.Build.0 = Debug|Any CPU
		{78CDBBE8-D668-3640-5389-A0FE00F94F27}.Release|Any CPU.ActiveCfg = Release|Any CPU
		{78CDBBE8-D668-3640-5389-A0FE00F94F27}.Release|Any CPU.Build.0 = Release|Any CPU
		{C7523123-784C-FC1C-AB9C-CD3819EC4F65}.Debug|Any CPU.ActiveCfg = Debug|Any CPU
		{C7523123-784C-FC1C-AB9C-CD3819EC4F65}.Debug|Any CPU.Build.0 = Debug|Any CPU
		{C7523123-784C-FC1C-AB9C-CD3819EC4F65}.Release|Any CPU.ActiveCfg = Release|Any CPU
		{C7523123-784C-FC1C-AB9C-CD3819EC4F65}.Release|Any CPU.Build.0 = Release|Any CPU
		{DEA5B8B9-A3A5-403C-82CF-E63A0BB34D52}.Debug|Any CPU.ActiveCfg = Debug|Any CPU
		{DEA5B8B9-A3A5-403C-82CF-E63A0BB34D52}.Debug|Any CPU.Build.0 = Debug|Any CPU
		{DEA5B8B9-A3A5-403C-82CF-E63A0BB34D52}.Release|Any CPU.ActiveCfg = Release|Any CPU
		{DEA5B8B9-A3A5-403C-82CF-E63A0BB34D52}.Release|Any CPU.Build.0 = Release|Any CPU
		{968CF0DC-5D1B-6978-FE44-AF8545F1A14C}.Debug|Any CPU.ActiveCfg = Debug|Any CPU
		{968CF0DC-5D1B-6978-FE44-AF8545F1A14C}.Debug|Any CPU.Build.0 = Debug|Any CPU
		{968CF0DC-5D1B-6978-FE44-AF8545F1A14C}.Release|Any CPU.ActiveCfg = Release|Any CPU
		{968CF0DC-5D1B-6978-FE44-AF8545F1A14C}.Release|Any CPU.Build.0 = Release|Any CPU
	EndGlobalSection
	GlobalSection(SolutionProperties) = preSolution
		HideSolutionNode = FALSE
	EndGlobalSection
	GlobalSection(NestedProjects) = preSolution
		{24EDF185-CA58-4CFD-B196-3CD781A65265} = {02EA681E-C7D8-13C7-8484-4AC65E1B71E8}
		{BD61DF54-E3DC-4088-A7F3-04528386B8BF} = {02EA681E-C7D8-13C7-8484-4AC65E1B71E8}
		{958E8079-161D-47A3-88FD-DF19A0EAFA88} = {02EA681E-C7D8-13C7-8484-4AC65E1B71E8}
		{9344B8C3-6100-60D6-78C3-70170168FB61} = {BD61DF54-E3DC-4088-A7F3-04528386B8BF}
		{B628A57B-0091-F647-40E0-C488D421C705} = {BD61DF54-E3DC-4088-A7F3-04528386B8BF}
		{547964F2-0DEF-21D0-154C-DB7E00C2E046} = {BD61DF54-E3DC-4088-A7F3-04528386B8BF}
		{521B36F4-B10D-AB9B-5CEC-6DA29D94588F} = {24EDF185-CA58-4CFD-B196-3CD781A65265}
		{1625DC89-2CF8-4DEB-FECE-7AF4998899F3} = {24EDF185-CA58-4CFD-B196-3CD781A65265}
		{E85EA2AC-1B28-CFA9-B525-E09D1799D864} = {24EDF185-CA58-4CFD-B196-3CD781A65265}
		{197902E3-79C6-D41C-1AB0-F1FE990AA807} = {24EDF185-CA58-4CFD-B196-3CD781A65265}
		{182DC93F-2090-3351-FE18-804FFC1627BB} = {958E8079-161D-47A3-88FD-DF19A0EAFA88}
		{B85B4714-A36B-1A59-7317-084919DE1E06} = {958E8079-161D-47A3-88FD-DF19A0EAFA88}
		{F59A0355-811D-F7E2-3A34-AD3215BBC1C4} = {958E8079-161D-47A3-88FD-DF19A0EAFA88}
		{6A00209E-7B42-8C7E-D7E0-37335AEBC552} = {958E8079-161D-47A3-88FD-DF19A0EAFA88}
		{78CDBBE8-D668-3640-5389-A0FE00F94F27} = {BD61DF54-E3DC-4088-A7F3-04528386B8BF}
		{C7523123-784C-FC1C-AB9C-CD3819EC4F65} = {BD61DF54-E3DC-4088-A7F3-04528386B8BF}
		{DEA5B8B9-A3A5-403C-82CF-E63A0BB34D52} = {BD61DF54-E3DC-4088-A7F3-04528386B8BF}
		{968CF0DC-5D1B-6978-FE44-AF8545F1A14C} = {4B1AC562-0FAD-49C6-BFC9-F183836DDDA2}
	EndGlobalSection
	GlobalSection(ExtensibilityGlobals) = postSolution
		SolutionGuid = {411D356F-E5D2-4117-9CA6-5C8C2EB5C948}
	EndGlobalSection
EndGlobal
